
Microsoft Visual Studio Solution File, Format Version 12.00
# Visual Studio Version 18
VisualStudioVersion = 18.3.11505.172
MinimumVisualStudioVersion = 10.0.40219.1
Project("{2150E333-8FDC-42A3-9474-1A3956D46DE8}") = "Solution Items", "Solution Items", "{D7947C60-D5F7-4806-A38D-83210FD5EF47}"
	ProjectSection(SolutionItems) = preProject
		.editorconfig = .editorconfig
		CODE_OF_CONDUCT.md = CODE_OF_CONDUCT.md
		CONTRIBUTING.md = CONTRIBUTING.md
		Directory.Build.props = Directory.Build.props
		Directory.Packages.props = Directory.Packages.props
		assets\icon.png = assets\icon.png
		LICENSE = LICENSE
		assets\logo.png = assets\logo.png
		nuget.config = nuget.config
		README.md = README.md
	EndProjectSection
EndProject
Project("{2150E333-8FDC-42A3-9474-1A3956D46DE8}") = "src", "src", "{6959D5FB-9DF1-4075-806A-9BB9554FB0B1}"
EndProject
Project("{2150E333-8FDC-42A3-9474-1A3956D46DE8}") = "Core", "Core", "{E2859EFC-4C9B-4823-8BA4-31B2AE8729C2}"
EndProject
Project("{2150E333-8FDC-42A3-9474-1A3956D46DE8}") = "Security", "Security", "{E6CF4864-B9A3-4946-B231-B7FBEC286573}"
EndProject
Project("{2150E333-8FDC-42A3-9474-1A3956D46DE8}") = "Data", "Data", "{EF09B7D8-B228-46BA-85B3-25E61B42B3A4}"
EndProject
Project("{2150E333-8FDC-42A3-9474-1A3956D46DE8}") = "Adapters", "Adapters", "{20E1EC9C-F4DC-46A6-960A-DDDB4A242F19}"
EndProject
Project("{2150E333-8FDC-42A3-9474-1A3956D46DE8}") = "Utilities", "Utilities", "{D4565C95-28B7-442B-90B1-12C0DAFFEC29}"
EndProject
Project("{2150E333-8FDC-42A3-9474-1A3956D46DE8}") = "samples", "samples", "{A8F803AC-9A17-4D60-8580-8BABFCD2FB30}"
EndProject
Project("{FAE04EC0-301F-11D3-BF4B-00C04F79EFBC}") = "SaasSuite.Samples.SampleWebApp", "samples\SaasSuite.Samples.SampleWebApp\SaasSuite.Samples.SampleWebApp.csproj", "{3ACBA25B-19FC-DB92-6104-A7AE45B070EF}"
EndProject
Project("{FAE04EC0-301F-11D3-BF4B-00C04F79EFBC}") = "SaasSuite.EfCore", "src\SaasSuite.EfCore\SaasSuite.EfCore.csproj", "{FE8F7016-94DE-B9D9-24F2-BB56F25910FD}"
EndProject
Project("{FAE04EC0-301F-11D3-BF4B-00C04F79EFBC}") = "SaasSuite.Core", "src\SaasSuite.Core\SaasSuite.Core.csproj", "{F7D8DD33-DCE5-0E91-2E46-09C88924AE18}"
EndProject
Project("{FAE04EC0-301F-11D3-BF4B-00C04F79EFBC}") = "SaasSuite.Audit", "src\SaasSuite.Audit\SaasSuite.Audit.csproj", "{5BEF4125-F21F-3032-FE71-77462C18535C}"
EndProject
Project("{FAE04EC0-301F-11D3-BF4B-00C04F79EFBC}") = "SaasSuite.Billing", "src\SaasSuite.Billing\SaasSuite.Billing.csproj", "{EAFE650E-5E10-5C5B-19BE-D9FEBEB6B9B4}"
EndProject
Project("{FAE04EC0-301F-11D3-BF4B-00C04F79EFBC}") = "SaasSuite.Features", "src\SaasSuite.Features\SaasSuite.Features.csproj", "{B3225BAE-E3F0-7EA5-DDF7-578BDFAE09B5}"
EndProject
Project("{FAE04EC0-301F-11D3-BF4B-00C04F79EFBC}") = "SaasSuite.Metering", "src\SaasSuite.Metering\SaasSuite.Metering.csproj", "{6E559065-4575-6474-D065-5FE00B3CAD96}"
EndProject
Project("{FAE04EC0-301F-11D3-BF4B-00C04F79EFBC}") = "SaasSuite.Migration", "src\SaasSuite.Migration\SaasSuite.Migration.csproj", "{834623D4-DB80-C0A3-6D1E-47B9431755FE}"
EndProject
Project("{FAE04EC0-301F-11D3-BF4B-00C04F79EFBC}") = "SaasSuite.Quotas", "src\SaasSuite.Quotas\SaasSuite.Quotas.csproj", "{D11AC5B6-C92B-C269-98C8-7585072CF810}"
EndProject
Project("{FAE04EC0-301F-11D3-BF4B-00C04F79EFBC}") = "SaasSuite.Seats", "src\SaasSuite.Seats\SaasSuite.Seats.csproj", "{88E64EB7-43D1-2F85-2A05-10113AF62779}"
EndProject
Project("{FAE04EC0-301F-11D3-BF4B-00C04F79EFBC}") = "SaasSuite.Subscriptions", "src\SaasSuite.Subscriptions\SaasSuite.Subscriptions.csproj", "{F0E5BC5F-4AB2-BD04-17F3-46559D0F1968}"
EndProject
Project("{FAE04EC0-301F-11D3-BF4B-00C04F79EFBC}") = "SaasSuite.Secrets", "src\SaasSuite.Secrets\SaasSuite.Secrets.csproj", "{A73E3427-ABEA-5851-02DD-CB537EA0CEC6}"
EndProject
Project("{FAE04EC0-301F-11D3-BF4B-00C04F79EFBC}") = "SaasSuite.Caching", "src\SaasSuite.Caching\SaasSuite.Caching.csproj", "{45EBC706-83DF-4F1A-915D-6D920BAD52D4}"
EndProject
Project("{FAE04EC0-301F-11D3-BF4B-00C04F79EFBC}") = "SaasSuite.Caching.Redis", "src\SaasSuite.Caching.Redis\SaasSuite.Caching.Redis.csproj", "{00F405D8-1D6E-A157-3918-06E41C4DBB99}"
EndProject
Project("{FAE04EC0-301F-11D3-BF4B-00C04F79EFBC}") = "SaasSuite.Discovery", "src\SaasSuite.Discovery\SaasSuite.Discovery.csproj", "{A2F50851-4B4C-A001-0DA7-D2BBC019AD55}"
EndProject
Project("{FAE04EC0-301F-11D3-BF4B-00C04F79EFBC}") = "SaasSuite", "src\SaasSuite\SaasSuite.csproj", "{C27572D6-B4AA-D9F5-DCBD-F311BEBF4FC5}"
EndProject
Project("{2150E333-8FDC-42A3-9474-1A3956D46DE8}") = "Compliance", "Compliance", "{E125F044-16A1-47F8-8771-04E2895C74BD}"
EndProject
Project("{FAE04EC0-301F-11D3-BF4B-00C04F79EFBC}") = "SaasSuite.Compliance", "src\SaasSuite.Compliance\SaasSuite.Compliance.csproj", "{67F744D8-A15E-D9C5-E1DF-7FF58B6EF1E1}"
EndProject
Global
	GlobalSection(SolutionConfigurationPlatforms) = preSolution
		Debug|Any CPU = Debug|Any CPU
		Release|Any CPU = Release|Any CPU
	EndGlobalSection
	GlobalSection(ProjectConfigurationPlatforms) = postSolution
		{3ACBA25B-19FC-DB92-6104-A7AE45B070EF}.Debug|Any CPU.ActiveCfg = Debug|Any CPU
		{3ACBA25B-19FC-DB92-6104-A7AE45B070EF}.Debug|Any CPU.Build.0 = Debug|Any CPU
		{3ACBA25B-19FC-DB92-6104-A7AE45B070EF}.Release|Any CPU.ActiveCfg = Release|Any CPU
		{3ACBA25B-19FC-DB92-6104-A7AE45B070EF}.Release|Any CPU.Build.0 = Release|Any CPU
		{FE8F7016-94DE-B9D9-24F2-BB56F25910FD}.Debug|Any CPU.ActiveCfg = Debug|Any CPU
		{FE8F7016-94DE-B9D9-24F2-BB56F25910FD}.Debug|Any CPU.Build.0 = Debug|Any CPU
		{FE8F7016-94DE-B9D9-24F2-BB56F25910FD}.Release|Any CPU.ActiveCfg = Release|Any CPU
		{FE8F7016-94DE-B9D9-24F2-BB56F25910FD}.Release|Any CPU.Build.0 = Release|Any CPU
		{F7D8DD33-DCE5-0E91-2E46-09C88924AE18}.Debug|Any CPU.ActiveCfg = Debug|Any CPU
		{F7D8DD33-DCE5-0E91-2E46-09C88924AE18}.Debug|Any CPU.Build.0 = Debug|Any CPU
		{F7D8DD33-DCE5-0E91-2E46-09C88924AE18}.Release|Any CPU.ActiveCfg = Release|Any CPU
		{F7D8DD33-DCE5-0E91-2E46-09C88924AE18}.Release|Any CPU.Build.0 = Release|Any CPU
		{5BEF4125-F21F-3032-FE71-77462C18535C}.Debug|Any CPU.ActiveCfg = Debug|Any CPU
		{5BEF4125-F21F-3032-FE71-77462C18535C}.Debug|Any CPU.Build.0 = Debug|Any CPU
		{5BEF4125-F21F-3032-FE71-77462C18535C}.Release|Any CPU.ActiveCfg = Release|Any CPU
		{5BEF4125-F21F-3032-FE71-77462C18535C}.Release|Any CPU.Build.0 = Release|Any CPU
		{EAFE650E-5E10-5C5B-19BE-D9FEBEB6B9B4}.Debug|Any CPU.ActiveCfg = Debug|Any CPU
		{EAFE650E-5E10-5C5B-19BE-D9FEBEB6B9B4}.Debug|Any CPU.Build.0 = Debug|Any CPU
		{EAFE650E-5E10-5C5B-19BE-D9FEBEB6B9B4}.Release|Any CPU.ActiveCfg = Release|Any CPU
		{EAFE650E-5E10-5C5B-19BE-D9FEBEB6B9B4}.Release|Any CPU.Build.0 = Release|Any CPU
		{B3225BAE-E3F0-7EA5-DDF7-578BDFAE09B5}.Debug|Any CPU.ActiveCfg = Debug|Any CPU
		{B3225BAE-E3F0-7EA5-DDF7-578BDFAE09B5}.Debug|Any CPU.Build.0 = Debug|Any CPU
		{B3225BAE-E3F0-7EA5-DDF7-578BDFAE09B5}.Release|Any CPU.ActiveCfg = Release|Any CPU
		{B3225BAE-E3F0-7EA5-DDF7-578BDFAE09B5}.Release|Any CPU.Build.0 = Release|Any CPU
		{6E559065-4575-6474-D065-5FE00B3CAD96}.Debug|Any CPU.ActiveCfg = Debug|Any CPU
		{6E559065-4575-6474-D065-5FE00B3CAD96}.Debug|Any CPU.Build.0 = Debug|Any CPU
		{6E559065-4575-6474-D065-5FE00B3CAD96}.Release|Any CPU.ActiveCfg = Release|Any CPU
		{6E559065-4575-6474-D065-5FE00B3CAD96}.Release|Any CPU.Build.0 = Release|Any CPU
		{834623D4-DB80-C0A3-6D1E-47B9431755FE}.Debug|Any CPU.ActiveCfg = Debug|Any CPU
		{834623D4-DB80-C0A3-6D1E-47B9431755FE}.Debug|Any CPU.Build.0 = Debug|Any CPU
		{834623D4-DB80-C0A3-6D1E-47B9431755FE}.Release|Any CPU.ActiveCfg = Release|Any CPU
		{834623D4-DB80-C0A3-6D1E-47B9431755FE}.Release|Any CPU.Build.0 = Release|Any CPU
		{D11AC5B6-C92B-C269-98C8-7585072CF810}.Debug|Any CPU.ActiveCfg = Debug|Any CPU
		{D11AC5B6-C92B-C269-98C8-7585072CF810}.Debug|Any CPU.Build.0 = Debug|Any CPU
		{D11AC5B6-C92B-C269-98C8-7585072CF810}.Release|Any CPU.ActiveCfg = Release|Any CPU
		{D11AC5B6-C92B-C269-98C8-7585072CF810}.Release|Any CPU.Build.0 = Release|Any CPU
		{88E64EB7-43D1-2F85-2A05-10113AF62779}.Debug|Any CPU.ActiveCfg = Debug|Any CPU
		{88E64EB7-43D1-2F85-2A05-10113AF62779}.Debug|Any CPU.Build.0 = Debug|Any CPU
		{88E64EB7-43D1-2F85-2A05-10113AF62779}.Release|Any CPU.ActiveCfg = Release|Any CPU
		{88E64EB7-43D1-2F85-2A05-10113AF62779}.Release|Any CPU.Build.0 = Release|Any CPU
		{F0E5BC5F-4AB2-BD04-17F3-46559D0F1968}.Debug|Any CPU.ActiveCfg = Debug|Any CPU
		{F0E5BC5F-4AB2-BD04-17F3-46559D0F1968}.Debug|Any CPU.Build.0 = Debug|Any CPU
		{F0E5BC5F-4AB2-BD04-17F3-46559D0F1968}.Release|Any CPU.ActiveCfg = Release|Any CPU
		{F0E5BC5F-4AB2-BD04-17F3-46559D0F1968}.Release|Any CPU.Build.0 = Release|Any CPU
		{A73E3427-ABEA-5851-02DD-CB537EA0CEC6}.Debug|Any CPU.ActiveCfg = Debug|Any CPU
		{A73E3427-ABEA-5851-02DD-CB537EA0CEC6}.Debug|Any CPU.Build.0 = Debug|Any CPU
		{A73E3427-ABEA-5851-02DD-CB537EA0CEC6}.Release|Any CPU.ActiveCfg = Release|Any CPU
		{A73E3427-ABEA-5851-02DD-CB537EA0CEC6}.Release|Any CPU.Build.0 = Release|Any CPU
		{45EBC706-83DF-4F1A-915D-6D920BAD52D4}.Debug|Any CPU.ActiveCfg = Debug|Any CPU
		{45EBC706-83DF-4F1A-915D-6D920BAD52D4}.Debug|Any CPU.Build.0 = Debug|Any CPU
		{45EBC706-83DF-4F1A-915D-6D920BAD52D4}.Release|Any CPU.ActiveCfg = Release|Any CPU
		{45EBC706-83DF-4F1A-915D-6D920BAD52D4}.Release|Any CPU.Build.0 = Release|Any CPU
		{00F405D8-1D6E-A157-3918-06E41C4DBB99}.Debug|Any CPU.ActiveCfg = Debug|Any CPU
		{00F405D8-1D6E-A157-3918-06E41C4DBB99}.Debug|Any CPU.Build.0 = Debug|Any CPU
		{00F405D8-1D6E-A157-3918-06E41C4DBB99}.Release|Any CPU.ActiveCfg = Release|Any CPU
		{00F405D8-1D6E-A157-3918-06E41C4DBB99}.Release|Any CPU.Build.0 = Release|Any CPU
		{A2F50851-4B4C-A001-0DA7-D2BBC019AD55}.Debug|Any CPU.ActiveCfg = Debug|Any CPU
		{A2F50851-4B4C-A001-0DA7-D2BBC019AD55}.Debug|Any CPU.Build.0 = Debug|Any CPU
		{A2F50851-4B4C-A001-0DA7-D2BBC019AD55}.Release|Any CPU.ActiveCfg = Release|Any CPU
		{A2F50851-4B4C-A001-0DA7-D2BBC019AD55}.Release|Any CPU.Build.0 = Release|Any CPU
		{C27572D6-B4AA-D9F5-DCBD-F311BEBF4FC5}.Debug|Any CPU.ActiveCfg = Debug|Any CPU
		{C27572D6-B4AA-D9F5-DCBD-F311BEBF4FC5}.Debug|Any CPU.Build.0 = Debug|Any CPU
		{C27572D6-B4AA-D9F5-DCBD-F311BEBF4FC5}.Release|Any CPU.ActiveCfg = Release|Any CPU
		{C27572D6-B4AA-D9F5-DCBD-F311BEBF4FC5}.Release|Any CPU.Build.0 = Release|Any CPU
		{67F744D8-A15E-D9C5-E1DF-7FF58B6EF1E1}.Debug|Any CPU.ActiveCfg = Debug|Any CPU
		{67F744D8-A15E-D9C5-E1DF-7FF58B6EF1E1}.Debug|Any CPU.Build.0 = Debug|Any CPU
		{67F744D8-A15E-D9C5-E1DF-7FF58B6EF1E1}.Release|Any CPU.ActiveCfg = Release|Any CPU
		{67F744D8-A15E-D9C5-E1DF-7FF58B6EF1E1}.Release|Any CPU.Build.0 = Release|Any CPU
	EndGlobalSection
	GlobalSection(SolutionProperties) = preSolution
		HideSolutionNode = FALSE
	EndGlobalSection
	GlobalSection(NestedProjects) = preSolution
		{E2859EFC-4C9B-4823-8BA4-31B2AE8729C2} = {6959D5FB-9DF1-4075-806A-9BB9554FB0B1}
		{E6CF4864-B9A3-4946-B231-B7FBEC286573} = {6959D5FB-9DF1-4075-806A-9BB9554FB0B1}
		{EF09B7D8-B228-46BA-85B3-25E61B42B3A4} = {20E1EC9C-F4DC-46A6-960A-DDDB4A242F19}
		{20E1EC9C-F4DC-46A6-960A-DDDB4A242F19} = {6959D5FB-9DF1-4075-806A-9BB9554FB0B1}
		{D4565C95-28B7-442B-90B1-12C0DAFFEC29} = {6959D5FB-9DF1-4075-806A-9BB9554FB0B1}
		{3ACBA25B-19FC-DB92-6104-A7AE45B070EF} = {A8F803AC-9A17-4D60-8580-8BABFCD2FB30}
		{FE8F7016-94DE-B9D9-24F2-BB56F25910FD} = {EF09B7D8-B228-46BA-85B3-25E61B42B3A4}
		{F7D8DD33-DCE5-0E91-2E46-09C88924AE18} = {E2859EFC-4C9B-4823-8BA4-31B2AE8729C2}
		{5BEF4125-F21F-3032-FE71-77462C18535C} = {E2859EFC-4C9B-4823-8BA4-31B2AE8729C2}
		{EAFE650E-5E10-5C5B-19BE-D9FEBEB6B9B4} = {E2859EFC-4C9B-4823-8BA4-31B2AE8729C2}
		{B3225BAE-E3F0-7EA5-DDF7-578BDFAE09B5} = {E2859EFC-4C9B-4823-8BA4-31B2AE8729C2}
		{6E559065-4575-6474-D065-5FE00B3CAD96} = {E2859EFC-4C9B-4823-8BA4-31B2AE8729C2}
		{834623D4-DB80-C0A3-6D1E-47B9431755FE} = {E2859EFC-4C9B-4823-8BA4-31B2AE8729C2}
		{D11AC5B6-C92B-C269-98C8-7585072CF810} = {E2859EFC-4C9B-4823-8BA4-31B2AE8729C2}
		{88E64EB7-43D1-2F85-2A05-10113AF62779} = {E2859EFC-4C9B-4823-8BA4-31B2AE8729C2}
		{F0E5BC5F-4AB2-BD04-17F3-46559D0F1968} = {E2859EFC-4C9B-4823-8BA4-31B2AE8729C2}
		{A73E3427-ABEA-5851-02DD-CB537EA0CEC6} = {E6CF4864-B9A3-4946-B231-B7FBEC286573}
		{45EBC706-83DF-4F1A-915D-6D920BAD52D4} = {D4565C95-28B7-442B-90B1-12C0DAFFEC29}
		{00F405D8-1D6E-A157-3918-06E41C4DBB99} = {D4565C95-28B7-442B-90B1-12C0DAFFEC29}
		{A2F50851-4B4C-A001-0DA7-D2BBC019AD55} = {D4565C95-28B7-442B-90B1-12C0DAFFEC29}
		{C27572D6-B4AA-D9F5-DCBD-F311BEBF4FC5} = {6959D5FB-9DF1-4075-806A-9BB9554FB0B1}
		{E125F044-16A1-47F8-8771-04E2895C74BD} = {6959D5FB-9DF1-4075-806A-9BB9554FB0B1}
		{67F744D8-A15E-D9C5-E1DF-7FF58B6EF1E1} = {E125F044-16A1-47F8-8771-04E2895C74BD}
	EndGlobalSection
	GlobalSection(ExtensibilityGlobals) = postSolution
		SolutionGuid = {84158AAC-4F83-43EF-A386-261C269BC018}
	EndGlobalSection
EndGlobal
